
Microsoft Visual Studio Solution File, Format Version 12.00
# Visual Studio Version 16
VisualStudioVersion = 16.0.30011.22
MinimumVisualStudioVersion = 10.0.40219.1
Project("{2150E333-8FDC-42A3-9474-1A3956D46DE8}") = "Microservices", "Microservices", "{247A197E-3890-4805-9C77-55610CE493E7}"
EndProject
Project("{2150E333-8FDC-42A3-9474-1A3956D46DE8}") = "Domain", "Domain", "{B1D7B34F-2280-49B2-9C70-A6E5CA304B30}"
EndProject
Project("{2150E333-8FDC-42A3-9474-1A3956D46DE8}") = "Infra.Bus", "Infra.Bus", "{170C23F7-5565-44A6-BE14-831FF933EC37}"
EndProject
Project("{2150E333-8FDC-42A3-9474-1A3956D46DE8}") = "Infra.IoC", "Infra.IoC", "{FC2E8F25-499F-4609-B43D-F45FDE144720}"
EndProject
Project("{2150E333-8FDC-42A3-9474-1A3956D46DE8}") = "Presentation", "Presentation", "{2AEE974E-5277-4E1C-B060-139AE9486966}"
EndProject
Project("{9A19103F-16F7-4668-BE54-9A1E7A4F7556}") = "MicroRabbit.Domain.Core", "MicroRabbit.Domain.Core\MicroRabbit.Domain.Core.csproj", "{934B4C00-0956-42FB-98C1-0D37F3B23A27}"
EndProject
Project("{9A19103F-16F7-4668-BE54-9A1E7A4F7556}") = "MicroRabbit.Infra.Bus", "MicroRabbit.Infra.Bus\MicroRabbit.Infra.Bus.csproj", "{F5B93E8D-0A2D-4F19-8F62-249BC06A1D8D}"
EndProject
Project("{FAE04EC0-301F-11D3-BF4B-00C04F79EFBC}") = "MicroRabbit.Infra.IoC", "MicroRabbit.Infra.IoC\MicroRabbit.Infra.IoC.csproj", "{EDD46541-5BE8-41C1-8D95-B855946EA34A}"
EndProject
Project("{2150E333-8FDC-42A3-9474-1A3956D46DE8}") = "Banking", "Banking", "{08A7A19F-31BA-4A60-B5EA-3DD007FF92CE}"
EndProject
Project("{2150E333-8FDC-42A3-9474-1A3956D46DE8}") = "Api", "Api", "{F02F203A-BCC8-48E0-8DA5-1966D81AB15C}"
EndProject
Project("{2150E333-8FDC-42A3-9474-1A3956D46DE8}") = "Application", "Application", "{030DBE8B-D91A-455F-8653-C545C14C1E8C}"
EndProject
Project("{2150E333-8FDC-42A3-9474-1A3956D46DE8}") = "Domain", "Domain", "{E43838DA-E98A-4C98-8C9C-AB4D0409FB71}"
EndProject
Project("{2150E333-8FDC-42A3-9474-1A3956D46DE8}") = "Data", "Data", "{F81C67A3-BD1C-4431-B736-81F39C59A3D8}"
EndProject
Project("{FAE04EC0-301F-11D3-BF4B-00C04F79EFBC}") = "MicroRabbit.Banking.Api", "MicroRabbit.Banking.Api\MicroRabbit.Banking.Api.csproj", "{1BD7180C-B772-40E5-A747-5F001FCF2D31}"
EndProject
Project("{FAE04EC0-301F-11D3-BF4B-00C04F79EFBC}") = "MicroRabbit.Banking.Application", "MicroRabbit.Banking.Application\MicroRabbit.Banking.Application.csproj", "{D5DF7E23-D33B-41AD-98E8-CC6C0DD4A39A}"
EndProject
Project("{FAE04EC0-301F-11D3-BF4B-00C04F79EFBC}") = "MicroRabbit.Banking.Data", "MicroRabbit.Banking.Data\MicroRabbit.Banking.Data.csproj", "{2F8DBAF9-5A96-49A2-8F24-E6169EAB8430}"
EndProject
Project("{FAE04EC0-301F-11D3-BF4B-00C04F79EFBC}") = "MicroRabbit.Banking.Domain", "MicroRabbit.Banking.Domain\MicroRabbit.Banking.Domain.csproj", "{0040D376-FC15-40F1-BE04-5815C5E9F5FF}"
EndProject
Global
	GlobalSection(SolutionConfigurationPlatforms) = preSolution
		Debug|Any CPU = Debug|Any CPU
		Release|Any CPU = Release|Any CPU
	EndGlobalSection
	GlobalSection(ProjectConfigurationPlatforms) = postSolution
		{934B4C00-0956-42FB-98C1-0D37F3B23A27}.Debug|Any CPU.ActiveCfg = Debug|Any CPU
		{934B4C00-0956-42FB-98C1-0D37F3B23A27}.Debug|Any CPU.Build.0 = Debug|Any CPU
		{934B4C00-0956-42FB-98C1-0D37F3B23A27}.Release|Any CPU.ActiveCfg = Release|Any CPU
		{934B4C00-0956-42FB-98C1-0D37F3B23A27}.Release|Any CPU.Build.0 = Release|Any CPU
		{F5B93E8D-0A2D-4F19-8F62-249BC06A1D8D}.Debug|Any CPU.ActiveCfg = Debug|Any CPU
		{F5B93E8D-0A2D-4F19-8F62-249BC06A1D8D}.Debug|Any CPU.Build.0 = Debug|Any CPU
		{F5B93E8D-0A2D-4F19-8F62-249BC06A1D8D}.Release|Any CPU.ActiveCfg = Release|Any CPU
		{F5B93E8D-0A2D-4F19-8F62-249BC06A1D8D}.Release|Any CPU.Build.0 = Release|Any CPU
		{EDD46541-5BE8-41C1-8D95-B855946EA34A}.Debug|Any CPU.ActiveCfg = Debug|Any CPU
		{EDD46541-5BE8-41C1-8D95-B855946EA34A}.Debug|Any CPU.Build.0 = Debug|Any CPU
		{EDD46541-5BE8-41C1-8D95-B855946EA34A}.Release|Any CPU.ActiveCfg = Release|Any CPU
		{EDD46541-5BE8-41C1-8D95-B855946EA34A}.Release|Any CPU.Build.0 = Release|Any CPU
		{1BD7180C-B772-40E5-A747-5F001FCF2D31}.Debug|Any CPU.ActiveCfg = Debug|Any CPU
		{1BD7180C-B772-40E5-A747-5F001FCF2D31}.Debug|Any CPU.Build.0 = Debug|Any CPU
		{1BD7180C-B772-40E5-A747-5F001FCF2D31}.Release|Any CPU.ActiveCfg = Release|Any CPU
		{1BD7180C-B772-40E5-A747-5F001FCF2D31}.Release|Any CPU.Build.0 = Release|Any CPU
		{D5DF7E23-D33B-41AD-98E8-CC6C0DD4A39A}.Debug|Any CPU.ActiveCfg = Debug|Any CPU
		{D5DF7E23-D33B-41AD-98E8-CC6C0DD4A39A}.Debug|Any CPU.Build.0 = Debug|Any CPU
		{D5DF7E23-D33B-41AD-98E8-CC6C0DD4A39A}.Release|Any CPU.ActiveCfg = Release|Any CPU
		{D5DF7E23-D33B-41AD-98E8-CC6C0DD4A39A}.Release|Any CPU.Build.0 = Release|Any CPU
		{2F8DBAF9-5A96-49A2-8F24-E6169EAB8430}.Debug|Any CPU.ActiveCfg = Debug|Any CPU
		{2F8DBAF9-5A96-49A2-8F24-E6169EAB8430}.Debug|Any CPU.Build.0 = Debug|Any CPU
		{2F8DBAF9-5A96-49A2-8F24-E6169EAB8430}.Release|Any CPU.ActiveCfg = Release|Any CPU
		{2F8DBAF9-5A96-49A2-8F24-E6169EAB8430}.Release|Any CPU.Build.0 = Release|Any CPU
		{0040D376-FC15-40F1-BE04-5815C5E9F5FF}.Debug|Any CPU.ActiveCfg = Debug|Any CPU
		{0040D376-FC15-40F1-BE04-5815C5E9F5FF}.Debug|Any CPU.Build.0 = Debug|Any CPU
		{0040D376-FC15-40F1-BE04-5815C5E9F5FF}.Release|Any CPU.ActiveCfg = Release|Any CPU
		{0040D376-FC15-40F1-BE04-5815C5E9F5FF}.Release|Any CPU.Build.0 = Release|Any CPU
	EndGlobalSection
	GlobalSection(SolutionProperties) = preSolution
		HideSolutionNode = FALSE
	EndGlobalSection
	GlobalSection(NestedProjects) = preSolution
		{934B4C00-0956-42FB-98C1-0D37F3B23A27} = {B1D7B34F-2280-49B2-9C70-A6E5CA304B30}
		{F5B93E8D-0A2D-4F19-8F62-249BC06A1D8D} = {170C23F7-5565-44A6-BE14-831FF933EC37}
		{EDD46541-5BE8-41C1-8D95-B855946EA34A} = {FC2E8F25-499F-4609-B43D-F45FDE144720}
		{08A7A19F-31BA-4A60-B5EA-3DD007FF92CE} = {247A197E-3890-4805-9C77-55610CE493E7}
		{F02F203A-BCC8-48E0-8DA5-1966D81AB15C} = {08A7A19F-31BA-4A60-B5EA-3DD007FF92CE}
		{030DBE8B-D91A-455F-8653-C545C14C1E8C} = {08A7A19F-31BA-4A60-B5EA-3DD007FF92CE}
		{E43838DA-E98A-4C98-8C9C-AB4D0409FB71} = {08A7A19F-31BA-4A60-B5EA-3DD007FF92CE}
		{F81C67A3-BD1C-4431-B736-81F39C59A3D8} = {08A7A19F-31BA-4A60-B5EA-3DD007FF92CE}
		{1BD7180C-B772-40E5-A747-5F001FCF2D31} = {F02F203A-BCC8-48E0-8DA5-1966D81AB15C}
		{D5DF7E23-D33B-41AD-98E8-CC6C0DD4A39A} = {030DBE8B-D91A-455F-8653-C545C14C1E8C}
		{2F8DBAF9-5A96-49A2-8F24-E6169EAB8430} = {F81C67A3-BD1C-4431-B736-81F39C59A3D8}
		{0040D376-FC15-40F1-BE04-5815C5E9F5FF} = {E43838DA-E98A-4C98-8C9C-AB4D0409FB71}
	EndGlobalSection
	GlobalSection(ExtensibilityGlobals) = postSolution
		SolutionGuid = {0463A87B-6CFC-4CA1-B74A-39FA83E7E3EA}
	EndGlobalSection
EndGlobal
