
Microsoft Visual Studio Solution File, Format Version 12.00
# Visual Studio Version 16
VisualStudioVersion = 16.0.30011.22
MinimumVisualStudioVersion = 10.0.40219.1
Project("{2150E333-8FDC-42A3-9474-1A3956D46DE8}") = "Microservices", "Microservices", "{247A197E-3890-4805-9C77-55610CE493E7}"
EndProject
Project("{2150E333-8FDC-42A3-9474-1A3956D46DE8}") = "Domain", "Domain", "{B1D7B34F-2280-49B2-9C70-A6E5CA304B30}"
EndProject
Project("{2150E333-8FDC-42A3-9474-1A3956D46DE8}") = "Infra.Bus", "Infra.Bus", "{170C23F7-5565-44A6-BE14-831FF933EC37}"
EndProject
Project("{2150E333-8FDC-42A3-9474-1A3956D46DE8}") = "Infra.IoC", "Infra.IoC", "{FC2E8F25-499F-4609-B43D-F45FDE144720}"
EndProject
Project("{2150E333-8FDC-42A3-9474-1A3956D46DE8}") = "Presentation", "Presentation", "{2AEE974E-5277-4E1C-B060-139AE9486966}"
EndProject
Project("{9A19103F-16F7-4668-BE54-9A1E7A4F7556}") = "MicroRabbit.Domain.Core", "MicroRabbit.Domain.Core\MicroRabbit.Domain.Core.csproj", "{934B4C00-0956-42FB-98C1-0D37F3B23A27}"
EndProject
Project("{9A19103F-16F7-4668-BE54-9A1E7A4F7556}") = "MicroRabbit.Infra.Bus", "MicroRabbit.Infra.Bus\MicroRabbit.Infra.Bus.csproj", "{F5B93E8D-0A2D-4F19-8F62-249BC06A1D8D}"
EndProject
Project("{FAE04EC0-301F-11D3-BF4B-00C04F79EFBC}") = "MicroRabbit.Infra.IoC", "MicroRabbit.Infra.IoC\MicroRabbit.Infra.IoC.csproj", "{EDD46541-5BE8-41C1-8D95-B855946EA34A}"
EndProject
Global
	GlobalSection(SolutionConfigurationPlatforms) = preSolution
		Debug|Any CPU = Debug|Any CPU
		Release|Any CPU = Release|Any CPU
	EndGlobalSection
	GlobalSection(ProjectConfigurationPlatforms) = postSolution
		{934B4C00-0956-42FB-98C1-0D37F3B23A27}.Debug|Any CPU.ActiveCfg = Debug|Any CPU
		{934B4C00-0956-42FB-98C1-0D37F3B23A27}.Debug|Any CPU.Build.0 = Debug|Any CPU
		{934B4C00-0956-42FB-98C1-0D37F3B23A27}.Release|Any CPU.ActiveCfg = Release|Any CPU
		{934B4C00-0956-42FB-98C1-0D37F3B23A27}.Release|Any CPU.Build.0 = Release|Any CPU
		{F5B93E8D-0A2D-4F19-8F62-249BC06A1D8D}.Debug|Any CPU.ActiveCfg = Debug|Any CPU
		{F5B93E8D-0A2D-4F19-8F62-249BC06A1D8D}.Debug|Any CPU.Build.0 = Debug|Any CPU
		{F5B93E8D-0A2D-4F19-8F62-249BC06A1D8D}.Release|Any CPU.ActiveCfg = Release|Any CPU
		{F5B93E8D-0A2D-4F19-8F62-249BC06A1D8D}.Release|Any CPU.Build.0 = Release|Any CPU
		{EDD46541-5BE8-41C1-8D95-B855946EA34A}.Debug|Any CPU.ActiveCfg = Debug|Any CPU
		{EDD46541-5BE8-41C1-8D95-B855946EA34A}.Debug|Any CPU.Build.0 = Debug|Any CPU
		{EDD46541-5BE8-41C1-8D95-B855946EA34A}.Release|Any CPU.ActiveCfg = Release|Any CPU
		{EDD46541-5BE8-41C1-8D95-B855946EA34A}.Release|Any CPU.Build.0 = Release|Any CPU
	EndGlobalSection
	GlobalSection(SolutionProperties) = preSolution
		HideSolutionNode = FALSE
	EndGlobalSection
	GlobalSection(NestedProjects) = preSolution
		{934B4C00-0956-42FB-98C1-0D37F3B23A27} = {B1D7B34F-2280-49B2-9C70-A6E5CA304B30}
		{F5B93E8D-0A2D-4F19-8F62-249BC06A1D8D} = {170C23F7-5565-44A6-BE14-831FF933EC37}
		{EDD46541-5BE8-41C1-8D95-B855946EA34A} = {FC2E8F25-499F-4609-B43D-F45FDE144720}
	EndGlobalSection
	GlobalSection(ExtensibilityGlobals) = postSolution
		SolutionGuid = {0463A87B-6CFC-4CA1-B74A-39FA83E7E3EA}
	EndGlobalSection
EndGlobal
